
Microsoft Visual Studio Solution File, Format Version 12.00
# Visual Studio Version 17
VisualStudioVersion = 17.8.34330.188
MinimumVisualStudioVersion = 10.0.40219.1
Project("{FAE04EC0-301F-11D3-BF4B-00C04F79EFBC}") = "CrazyFamily", "CrazyFamily\CrazyFamily.csproj", "{E0765742-CC14-4117-A596-4BD6577D14BE}"
EndProject
Global
	GlobalSection(SolutionConfigurationPlatforms) = preSolution
		Debug|Any CPU = Debug|Any CPU
		Release|Any CPU = Release|Any CPU
	EndGlobalSection
	GlobalSection(ProjectConfigurationPlatforms) = postSolution
		{E0765742-CC14-4117-A596-4BD6577D14BE}.Debug|Any CPU.ActiveCfg = Debug|Any CPU
		{E0765742-CC14-4117-A596-4BD6577D14BE}.Debug|Any CPU.Build.0 = Debug|Any CPU
		{E0765742-CC14-4117-A596-4BD6577D14BE}.Release|Any CPU.ActiveCfg = Release|Any CPU
		{E0765742-CC14-4117-A596-4BD6577D14BE}.Release|Any CPU.Build.0 = Release|Any CPU
	EndGlobalSection
	GlobalSection(SolutionProperties) = preSolution
		HideSolutionNode = FALSE
	EndGlobalSection
	GlobalSection(ExtensibilityGlobals) = postSolution
		SolutionGuid = {D2BB8A15-7752-4D19-BFF4-57C9A616BF0F}
	EndGlobalSection
EndGlobal
